{
  "name": "CodeSandBox",
  "lockfileVersion": 3,
  "requires": true,
  "packages": {
    "": {
      "dependencies": {
        "@tanstack/react-query": "^5.90.18"
      }
    },
    "node_modules/@tanstack/query-core": {
      "version": "5.90.18",
      "resolved": "https://registry.npmjs.org/@tanstack/query-core/-/query-core-5.90.18.tgz",
      "integrity": "sha512-rbGx6bHgPNVzutP7BEr+53UPKohpckqlMAad+To9UxTbeaQ+kC/1SDRj+QzkwbQ7qhLT/1IKp34yS6thda6fzA==",
      "license": "MIT",
      "funding": {
        "type": "github",
        "url": "https://github.com/sponsors/tannerlinsley"
      }
    },
    "node_modules/@tanstack/react-query": {
      "version": "5.90.18",
      "resolved": "https://registry.npmjs.org/@tanstack/react-query/-/react-query-5.90.18.tgz",
      "integrity": "sha512-KqNZX0C5IFz4639zR1ilnQ288tQdJrMNLtzmlzyJ14xauBkhtLEy3mPU/V4KiHsr41eL1ILZbDP36TB12lYfCQ==",
      "license": "MIT",
      "dependencies": {
        "@tanstack/query-core": "5.90.18"
      },
      "funding": {
        "type": "github",
        "url": "https://github.com/sponsors/tannerlinsley"
      },
      "peerDependencies": {
        "react": "^18 || ^19"
      }
    },
    "node_modules/react": {
      "version": "19.2.3",
      "resolved": "https://registry.npmjs.org/react/-/react-19.2.3.tgz",
      "integrity": "sha512-Ku/hhYbVjOQnXDZFv2+RibmLFGwFdeeKHFcOTlrt7xplBnya5OGn/hIRDsqDiSUcfORsDC7MPxwork8jBwsIWA==",
      "license": "MIT",
      "peer": true,
      "engines": {
        "node": ">=0.10.0"
      }
    }
  }
}
